// !$*UTF8*$!
{
	archiveVersion = 1;
	classes = {
	};
	objectVersion = 56;
	objects = {

/* Begin PBXBuildFile section */
		F79EE127291D15B400DC16EF /* AppDelegate.swift in Sources */ = {isa = PBXBuildFile; fileRef = F79EE126291D15B400DC16EF /* AppDelegate.swift */; };
		F79EE129291D15B400DC16EF /* SceneDelegate.swift in Sources */ = {isa = PBXBuildFile; fileRef = F79EE128291D15B400DC16EF /* SceneDelegate.swift */; };
		F79EE12B291D15B400DC16EF /* ViewController.swift in Sources */ = {isa = PBXBuildFile; fileRef = F79EE12A291D15B400DC16EF /* ViewController.swift */; };
		F79EE12E291D15B400DC16EF /* Main.storyboard in Resources */ = {isa = PBXBuildFile; fileRef = F79EE12C291D15B400DC16EF /* Main.storyboard */; };
		F79EE131291D15B400DC16EF /* GestureRecognizer.xcdatamodeld in Sources */ = {isa = PBXBuildFile; fileRef = F79EE12F291D15B400DC16EF /* GestureRecognizer.xcdatamodeld */; };
		F79EE133291D15B700DC16EF /* Assets.xcassets in Resources */ = {isa = PBXBuildFile; fileRef = F79EE132291D15B700DC16EF /* Assets.xcassets */; };
		F79EE136291D15B700DC16EF /* LaunchScreen.storyboard in Resources */ = {isa = PBXBuildFile; fileRef = F79EE134291D15B700DC16EF /* LaunchScreen.storyboard */; };
		F79EE141291D15B800DC16EF /* GestureRecognizerTests.swift in Sources */ = {isa = PBXBuildFile; fileRef = F79EE140291D15B800DC16EF /* GestureRecognizerTests.swift */; };
		F79EE14B291D15B800DC16EF /* GestureRecognizerUITests.swift in Sources */ = {isa = PBXBuildFile; fileRef = F79EE14A291D15B800DC16EF /* GestureRecognizerUITests.swift */; };
		F79EE14D291D15B800DC16EF /* GestureRecognizerUITestsLaunchTests.swift in Sources */ = {isa = PBXBuildFile; fileRef = F79EE14C291D15B800DC16EF /* GestureRecognizerUITestsLaunchTests.swift */; };
/* End PBXBuildFile section */

/* Begin PBXContainerItemProxy section */
		F79EE13D291D15B800DC16EF /* PBXContainerItemProxy */ = {
			isa = PBXContainerItemProxy;
			containerPortal = F79EE11B291D15B400DC16EF /* Project object */;
			proxyType = 1;
			remoteGlobalIDString = F79EE122291D15B400DC16EF;
			remoteInfo = GestureRecognizer;
		};
		F79EE147291D15B800DC16EF /* PBXContainerItemProxy */ = {
			isa = PBXContainerItemProxy;
			containerPortal = F79EE11B291D15B400DC16EF /* Project object */;
			proxyType = 1;
			remoteGlobalIDString = F79EE122291D15B400DC16EF;
			remoteInfo = GestureRecognizer;
		};
/* End PBXContainerItemProxy section */

/* Begin PBXFileReference section */
		F79EE123291D15B400DC16EF /* GestureRecognizer.app */ = {isa = PBXFileReference; explicitFileType = wrapper.application; includeInIndex = 0; path = GestureRecognizer.app; sourceTree = BUILT_PRODUCTS_DIR; };
		F79EE126291D15B400DC16EF /* AppDelegate.swift */ = {isa = PBXFileReference; lastKnownFileType = sourcecode.swift; path = AppDelegate.swift; sourceTree = "<group>"; };
		F79EE128291D15B400DC16EF /* SceneDelegate.swift */ = {isa = PBXFileReference; lastKnownFileType = sourcecode.swift; path = SceneDelegate.swift; sourceTree = "<group>"; };
		F79EE12A291D15B400DC16EF /* ViewController.swift */ = {isa = PBXFileReference; lastKnownFileType = sourcecode.swift; path = ViewController.swift; sourceTree = "<group>"; };
		F79EE12D291D15B400DC16EF /* Base */ = {isa = PBXFileReference; lastKnownFileType = file.storyboard; name = Base; path = Base.lproj/Main.storyboard; sourceTree = "<group>"; };
		F79EE130291D15B400DC16EF /* GestureRecognizer.xcdatamodel */ = {isa = PBXFileReference; lastKnownFileType = wrapper.xcdatamodel; path = GestureRecognizer.xcdatamodel; sourceTree = "<group>"; };
		F79EE132291D15B700DC16EF /* Assets.xcassets */ = {isa = PBXFileReference; lastKnownFileType = folder.assetcatalog; path = Assets.xcassets; sourceTree = "<group>"; };
		F79EE135291D15B700DC16EF /* Base */ = {isa = PBXFileReference; lastKnownFileType = file.storyboard; name = Base; path = Base.lproj/LaunchScreen.storyboard; sourceTree = "<group>"; };
		F79EE137291D15B700DC16EF /* Info.plist */ = {isa = PBXFileReference; lastKnownFileType = text.plist.xml; path = Info.plist; sourceTree = "<group>"; };
		F79EE13C291D15B800DC16EF /* GestureRecognizerTests.xctest */ = {isa = PBXFileReference; explicitFileType = wrapper.cfbundle; includeInIndex = 0; path = GestureRecognizerTests.xctest; sourceTree = BUILT_PRODUCTS_DIR; };
		F79EE140291D15B800DC16EF /* GestureRecognizerTests.swift */ = {isa = PBXFileReference; lastKnownFileType = sourcecode.swift; path = GestureRecognizerTests.swift; sourceTree = "<group>"; };
		F79EE146291D15B800DC16EF /* GestureRecognizerUITests.xctest */ = {isa = PBXFileReference; explicitFileType = wrapper.cfbundle; includeInIndex = 0; path = GestureRecognizerUITests.xctest; sourceTree = BUILT_PRODUCTS_DIR; };
		F79EE14A291D15B800DC16EF /* GestureRecognizerUITests.swift */ = {isa = PBXFileReference; lastKnownFileType = sourcecode.swift; path = GestureRecognizerUITests.swift; sourceTree = "<group>"; };
		F79EE14C291D15B800DC16EF /* GestureRecognizerUITestsLaunchTests.swift */ = {isa = PBXFileReference; lastKnownFileType = sourcecode.swift; path = GestureRecognizerUITestsLaunchTests.swift; sourceTree = "<group>"; };
/* End PBXFileReference section */

/* Begin PBXFrameworksBuildPhase section */
		F79EE120291D15B400DC16EF /* Frameworks */ = {
			isa = PBXFrameworksBuildPhase;
			buildActionMask = 2147483647;
			files = (
			);
			runOnlyForDeploymentPostprocessing = 0;
		};
		F79EE139291D15B800DC16EF /* Frameworks */ = {
			isa = PBXFrameworksBuildPhase;
			buildActionMask = 2147483647;
			files = (
			);
			runOnlyForDeploymentPostprocessing = 0;
		};
		F79EE143291D15B800DC16EF /* Frameworks */ = {
			isa = PBXFrameworksBuildPhase;
			buildActionMask = 2147483647;
			files = (
			);
			runOnlyForDeploymentPostprocessing = 0;
		};
/* End PBXFrameworksBuildPhase section */

/* Begin PBXGroup section */
		F79EE11A291D15B400DC16EF = {
			isa = PBXGroup;
			children = (
				F79EE125291D15B400DC16EF /* GestureRecognizer */,
				F79EE13F291D15B800DC16EF /* GestureRecognizerTests */,
				F79EE149291D15B800DC16EF /* GestureRecognizerUITests */,
				F79EE124291D15B400DC16EF /* Products */,
			);
			sourceTree = "<group>";
		};
		F79EE124291D15B400DC16EF /* Products */ = {
			isa = PBXGroup;
			children = (
				F79EE123291D15B400DC16EF /* GestureRecognizer.app */,
				F79EE13C291D15B800DC16EF /* GestureRecognizerTests.xctest */,
				F79EE146291D15B800DC16EF /* GestureRecognizerUITests.xctest */,
			);
			name = Products;
			sourceTree = "<group>";
		};
		F79EE125291D15B400DC16EF /* GestureRecognizer */ = {
			isa = PBXGroup;
			children = (
				F79EE126291D15B400DC16EF /* AppDelegate.swift */,
				F79EE128291D15B400DC16EF /* SceneDelegate.swift */,
				F79EE12A291D15B400DC16EF /* ViewController.swift */,
				F79EE12C291D15B400DC16EF /* Main.storyboard */,
				F79EE132291D15B700DC16EF /* Assets.xcassets */,
				F79EE134291D15B700DC16EF /* LaunchScreen.storyboard */,
				F79EE137291D15B700DC16EF /* Info.plist */,
				F79EE12F291D15B400DC16EF /* GestureRecognizer.xcdatamodeld */,
			);
			path = GestureRecognizer;
			sourceTree = "<group>";
		};
		F79EE13F291D15B800DC16EF /* GestureRecognizerTests */ = {
			isa = PBXGroup;
			children = (
				F79EE140291D15B800DC16EF /* GestureRecognizerTests.swift */,
			);
			path = GestureRecognizerTests;
			sourceTree = "<group>";
		};
		F79EE149291D15B800DC16EF /* GestureRecognizerUITests */ = {
			isa = PBXGroup;
			children = (
				F79EE14A291D15B800DC16EF /* GestureRecognizerUITests.swift */,
				F79EE14C291D15B800DC16EF /* GestureRecognizerUITestsLaunchTests.swift */,
			);
			path = GestureRecognizerUITests;
			sourceTree = "<group>";
		};
/* End PBXGroup section */

/* Begin PBXNativeTarget section */
		F79EE122291D15B400DC16EF /* GestureRecognizer */ = {
			isa = PBXNativeTarget;
			buildConfigurationList = F79EE150291D15B800DC16EF /* Build configuration list for PBXNativeTarget "GestureRecognizer" */;
			buildPhases = (
				F79EE11F291D15B400DC16EF /* Sources */,
				F79EE120291D15B400DC16EF /* Frameworks */,
				F79EE121291D15B400DC16EF /* Resources */,
			);
			buildRules = (
			);
			dependencies = (
			);
			name = GestureRecognizer;
			productName = GestureRecognizer;
			productReference = F79EE123291D15B400DC16EF /* GestureRecognizer.app */;
			productType = "com.apple.product-type.application";
		};
		F79EE13B291D15B800DC16EF /* GestureRecognizerTests */ = {
			isa = PBXNativeTarget;
			buildConfigurationList = F79EE153291D15B800DC16EF /* Build configuration list for PBXNativeTarget "GestureRecognizerTests" */;
			buildPhases = (
				F79EE138291D15B800DC16EF /* Sources */,
				F79EE139291D15B800DC16EF /* Frameworks */,
				F79EE13A291D15B800DC16EF /* Resources */,
			);
			buildRules = (
			);
			dependencies = (
				F79EE13E291D15B800DC16EF /* PBXTargetDependency */,
			);
			name = GestureRecognizerTests;
			productName = GestureRecognizerTests;
			productReference = F79EE13C291D15B800DC16EF /* GestureRecognizerTests.xctest */;
			productType = "com.apple.product-type.bundle.unit-test";
		};
		F79EE145291D15B800DC16EF /* GestureRecognizerUITests */ = {
			isa = PBXNativeTarget;
			buildConfigurationList = F79EE156291D15B800DC16EF /* Build configuration list for PBXNativeTarget "GestureRecognizerUITests" */;
			buildPhases = (
				F79EE142291D15B800DC16EF /* Sources */,
				F79EE143291D15B800DC16EF /* Frameworks */,
				F79EE144291D15B800DC16EF /* Resources */,
			);
			buildRules = (
			);
			dependencies = (
				F79EE148291D15B800DC16EF /* PBXTargetDependency */,
			);
			name = GestureRecognizerUITests;
			productName = GestureRecognizerUITests;
			productReference = F79EE146291D15B800DC16EF /* GestureRecognizerUITests.xctest */;
			productType = "com.apple.product-type.bundle.ui-testing";
		};
/* End PBXNativeTarget section */

/* Begin PBXProject section */
		F79EE11B291D15B400DC16EF /* Project object */ = {
			isa = PBXProject;
			attributes = {
				BuildIndependentTargetsInParallel = 1;
				LastSwiftUpdateCheck = 1410;
				LastUpgradeCheck = 1410;
				TargetAttributes = {
					F79EE122291D15B400DC16EF = {
						CreatedOnToolsVersion = 14.1;
					};
					F79EE13B291D15B800DC16EF = {
						CreatedOnToolsVersion = 14.1;
						TestTargetID = F79EE122291D15B400DC16EF;
					};
					F79EE145291D15B800DC16EF = {
						CreatedOnToolsVersion = 14.1;
						TestTargetID = F79EE122291D15B400DC16EF;
					};
				};
			};
			buildConfigurationList = F79EE11E291D15B400DC16EF /* Build configuration list for PBXProject "GestureRecognizer" */;
			compatibilityVersion = "Xcode 14.0";
			developmentRegion = en;
			hasScannedForEncodings = 0;
			knownRegions = (
				en,
				Base,
			);
			mainGroup = F79EE11A291D15B400DC16EF;
			productRefGroup = F79EE124291D15B400DC16EF /* Products */;
			projectDirPath = "";
			projectRoot = "";
			targets = (
				F79EE122291D15B400DC16EF /* GestureRecognizer */,
				F79EE13B291D15B800DC16EF /* GestureRecognizerTests */,
				F79EE145291D15B800DC16EF /* GestureRecognizerUITests */,
			);
		};
/* End PBXProject section */

/* Begin PBXResourcesBuildPhase section */
		F79EE121291D15B400DC16EF /* Resources */ = {
			isa = PBXResourcesBuildPhase;
			buildActionMask = 2147483647;
			files = (
				F79EE136291D15B700DC16EF /* LaunchScreen.storyboard in Resources */,
				F79EE133291D15B700DC16EF /* Assets.xcassets in Resources */,
				F79EE12E291D15B400DC16EF /* Main.storyboard in Resources */,
			);
			runOnlyForDeploymentPostprocessing = 0;
		};
		F79EE13A291D15B800DC16EF /* Resources */ = {
			isa = PBXResourcesBuildPhase;
			buildActionMask = 2147483647;
			files = (
			);
			runOnlyForDeploymentPostprocessing = 0;
		};
		F79EE144291D15B800DC16EF /* Resources */ = {
			isa = PBXResourcesBuildPhase;
			buildActionMask = 2147483647;
			files = (
			);
			runOnlyForDeploymentPostprocessing = 0;
		};
/* End PBXResourcesBuildPhase section */

/* Begin PBXSourcesBuildPhase section */
		F79EE11F291D15B400DC16EF /* Sources */ = {
			isa = PBXSourcesBuildPhase;
			buildActionMask = 2147483647;
			files = (
				F79EE12B291D15B400DC16EF /* ViewController.swift in Sources */,
				F79EE131291D15B400DC16EF /* GestureRecognizer.xcdatamodeld in Sources */,
				F79EE127291D15B400DC16EF /* AppDelegate.swift in Sources */,
				F79EE129291D15B400DC16EF /* SceneDelegate.swift in Sources */,
			);
			runOnlyForDeploymentPostprocessing = 0;
		};
		F79EE138291D15B800DC16EF /* Sources */ = {
			isa = PBXSourcesBuildPhase;
			buildActionMask = 2147483647;
			files = (
				F79EE141291D15B800DC16EF /* GestureRecognizerTests.swift in Sources */,
			);
			runOnlyForDeploymentPostprocessing = 0;
		};
		F79EE142291D15B800DC16EF /* Sources */ = {
			isa = PBXSourcesBuildPhase;
			buildActionMask = 2147483647;
			files = (
				F79EE14D291D15B800DC16EF /* GestureRecognizerUITestsLaunchTests.swift in Sources */,
				F79EE14B291D15B800DC16EF /* GestureRecognizerUITests.swift in Sources */,
			);
			runOnlyForDeploymentPostprocessing = 0;
		};
/* End PBXSourcesBuildPhase section */

/* Begin PBXTargetDependency section */
		F79EE13E291D15B800DC16EF /* PBXTargetDependency */ = {
			isa = PBXTargetDependency;
			target = F79EE122291D15B400DC16EF /* GestureRecognizer */;
			targetProxy = F79EE13D291D15B800DC16EF /* PBXContainerItemProxy */;
		};
		F79EE148291D15B800DC16EF /* PBXTargetDependency */ = {
			isa = PBXTargetDependency;
			target = F79EE122291D15B400DC16EF /* GestureRecognizer */;
			targetProxy = F79EE147291D15B800DC16EF /* PBXContainerItemProxy */;
		};
/* End PBXTargetDependency section */

/* Begin PBXVariantGroup section */
		F79EE12C291D15B400DC16EF /* Main.storyboard */ = {
			isa = PBXVariantGroup;
			children = (
				F79EE12D291D15B400DC16EF /* Base */,
			);
			name = Main.storyboard;
			sourceTree = "<group>";
		};
		F79EE134291D15B700DC16EF /* LaunchScreen.storyboard */ = {
			isa = PBXVariantGroup;
			children = (
				F79EE135291D15B700DC16EF /* Base */,
			);
			name = LaunchScreen.storyboard;
			sourceTree = "<group>";
		};
/* End PBXVariantGroup section */

/* Begin XCBuildConfiguration section */
		F79EE14E291D15B800DC16EF /* Debug */ = {
			isa = XCBuildConfiguration;
			buildSettings = {
				ALWAYS_SEARCH_USER_PATHS = NO;
				CLANG_ANALYZER_NONNULL = YES;
				CLANG_ANALYZER_NUMBER_OBJECT_CONVERSION = YES_AGGRESSIVE;
				CLANG_CXX_LANGUAGE_STANDARD = "gnu++20";
				CLANG_ENABLE_MODULES = YES;
				CLANG_ENABLE_OBJC_ARC = YES;
				CLANG_ENABLE_OBJC_WEAK = YES;
				CLANG_WARN_BLOCK_CAPTURE_AUTORELEASING = YES;
				CLANG_WARN_BOOL_CONVERSION = YES;
				CLANG_WARN_COMMA = YES;
				CLANG_WARN_CONSTANT_CONVERSION = YES;
				CLANG_WARN_DEPRECATED_OBJC_IMPLEMENTATIONS = YES;
				CLANG_WARN_DIRECT_OBJC_ISA_USAGE = YES_ERROR;
				CLANG_WARN_DOCUMENTATION_COMMENTS = YES;
				CLANG_WARN_EMPTY_BODY = YES;
				CLANG_WARN_ENUM_CONVERSION = YES;
				CLANG_WARN_INFINITE_RECURSION = YES;
				CLANG_WARN_INT_CONVERSION = YES;
				CLANG_WARN_NON_LITERAL_NULL_CONVERSION = YES;
				CLANG_WARN_OBJC_IMPLICIT_RETAIN_SELF = YES;
				CLANG_WARN_OBJC_LITERAL_CONVERSION = YES;
				CLANG_WARN_OBJC_ROOT_CLASS = YES_ERROR;
				CLANG_WARN_QUOTED_INCLUDE_IN_FRAMEWORK_HEADER = YES;
				CLANG_WARN_RANGE_LOOP_ANALYSIS = YES;
				CLANG_WARN_STRICT_PROTOTYPES = YES;
				CLANG_WARN_SUSPICIOUS_MOVE = YES;
				CLANG_WARN_UNGUARDED_AVAILABILITY = YES_AGGRESSIVE;
				CLANG_WARN_UNREACHABLE_CODE = YES;
				CLANG_WARN__DUPLICATE_METHOD_MATCH = YES;
				COPY_PHASE_STRIP = NO;
				DEBUG_INFORMATION_FORMAT = dwarf;
				ENABLE_STRICT_OBJC_MSGSEND = YES;
				ENABLE_TESTABILITY = YES;
				GCC_C_LANGUAGE_STANDARD = gnu11;
				GCC_DYNAMIC_NO_PIC = NO;
				GCC_NO_COMMON_BLOCKS = YES;
				GCC_OPTIMIZATION_LEVEL = 0;
				GCC_PREPROCESSOR_DEFINITIONS = (
					"DEBUG=1",
					"$(inherited)",
				);
				GCC_WARN_64_TO_32_BIT_CONVERSION = YES;
				GCC_WARN_ABOUT_RETURN_TYPE = YES_ERROR;
				GCC_WARN_UNDECLARED_SELECTOR = YES;
				GCC_WARN_UNINITIALIZED_AUTOS = YES_AGGRESSIVE;
				GCC_WARN_UNUSED_FUNCTION = YES;
				GCC_WARN_UNUSED_VARIABLE = YES;
				IPHONEOS_DEPLOYMENT_TARGET = 16.1;
				MTL_ENABLE_DEBUG_INFO = INCLUDE_SOURCE;
				MTL_FAST_MATH = YES;
				ONLY_ACTIVE_ARCH = YES;
				SDKROOT = iphoneos;
				SWIFT_ACTIVE_COMPILATION_CONDITIONS = DEBUG;
				SWIFT_OPTIMIZATION_LEVEL = "-Onone";
			};
			name = Debug;
		};
		F79EE14F291D15B800DC16EF /* Release */ = {
			isa = XCBuildConfiguration;
			buildSettings = {
				ALWAYS_SEARCH_USER_PATHS = NO;
				CLANG_ANALYZER_NONNULL = YES;
				CLANG_ANALYZER_NUMBER_OBJECT_CONVERSION = YES_AGGRESSIVE;
				CLANG_CXX_LANGUAGE_STANDARD = "gnu++20";
				CLANG_ENABLE_MODULES = YES;
				CLANG_ENABLE_OBJC_ARC = YES;
				CLANG_ENABLE_OBJC_WEAK = YES;
				CLANG_WARN_BLOCK_CAPTURE_AUTORELEASING = YES;
				CLANG_WARN_BOOL_CONVERSION = YES;
				CLANG_WARN_COMMA = YES;
				CLANG_WARN_CONSTANT_CONVERSION = YES;
				CLANG_WARN_DEPRECATED_OBJC_IMPLEMENTATIONS = YES;
				CLANG_WARN_DIRECT_OBJC_ISA_USAGE = YES_ERROR;
				CLANG_WARN_DOCUMENTATION_COMMENTS = YES;
				CLANG_WARN_EMPTY_BODY = YES;
				CLANG_WARN_ENUM_CONVERSION = YES;
				CLANG_WARN_INFINITE_RECURSION = YES;
				CLANG_WARN_INT_CONVERSION = YES;
				CLANG_WARN_NON_LITERAL_NULL_CONVERSION = YES;
				CLANG_WARN_OBJC_IMPLICIT_RETAIN_SELF = YES;
				CLANG_WARN_OBJC_LITERAL_CONVERSION = YES;
				CLANG_WARN_OBJC_ROOT_CLASS = YES_ERROR;
				CLANG_WARN_QUOTED_INCLUDE_IN_FRAMEWORK_HEADER = YES;
				CLANG_WARN_RANGE_LOOP_ANALYSIS = YES;
				CLANG_WARN_STRICT_PROTOTYPES = YES;
				CLANG_WARN_SUSPICIOUS_MOVE = YES;
				CLANG_WARN_UNGUARDED_AVAILABILITY = YES_AGGRESSIVE;
				CLANG_WARN_UNREACHABLE_CODE = YES;
				CLANG_WARN__DUPLICATE_METHOD_MATCH = YES;
				COPY_PHASE_STRIP = NO;
				DEBUG_INFORMATION_FORMAT = "dwarf-with-dsym";
				ENABLE_NS_ASSERTIONS = NO;
				ENABLE_STRICT_OBJC_MSGSEND = YES;
				GCC_C_LANGUAGE_STANDARD = gnu11;
				GCC_NO_COMMON_BLOCKS = YES;
				GCC_WARN_64_TO_32_BIT_CONVERSION = YES;
				GCC_WARN_ABOUT_RETURN_TYPE = YES_ERROR;
				GCC_WARN_UNDECLARED_SELECTOR = YES;
				GCC_WARN_UNINITIALIZED_AUTOS = YES_AGGRESSIVE;
				GCC_WARN_UNUSED_FUNCTION = YES;
				GCC_WARN_UNUSED_VARIABLE = YES;
				IPHONEOS_DEPLOYMENT_TARGET = 16.1;
				MTL_ENABLE_DEBUG_INFO = NO;
				MTL_FAST_MATH = YES;
				SDKROOT = iphoneos;
				SWIFT_COMPILATION_MODE = wholemodule;
				SWIFT_OPTIMIZATION_LEVEL = "-O";
				VALIDATE_PRODUCT = YES;
			};
			name = Release;
		};
		F79EE151291D15B800DC16EF /* Debug */ = {
			isa = XCBuildConfiguration;
			buildSettings = {
				ASSETCATALOG_COMPILER_APPICON_NAME = AppIcon;
				ASSETCATALOG_COMPILER_GLOBAL_ACCENT_COLOR_NAME = AccentColor;
				CODE_SIGN_STYLE = Automatic;
				CURRENT_PROJECT_VERSION = 1;
				DEVELOPMENT_TEAM = AZPJSKX9C9;
				GENERATE_INFOPLIST_FILE = YES;
				INFOPLIST_FILE = GestureRecognizer/Info.plist;
				INFOPLIST_KEY_UIApplicationSupportsIndirectInputEvents = YES;
				INFOPLIST_KEY_UILaunchStoryboardName = LaunchScreen;
				INFOPLIST_KEY_UIMainStoryboardFile = Main;
				INFOPLIST_KEY_UISupportedInterfaceOrientations_iPad = "UIInterfaceOrientationPortrait UIInterfaceOrientationPortraitUpsideDown UIInterfaceOrientationLandscapeLeft UIInterfaceOrientationLandscapeRight";
				INFOPLIST_KEY_UISupportedInterfaceOrientations_iPhone = "UIInterfaceOrientationPortrait UIInterfaceOrientationLandscapeLeft UIInterfaceOrientationLandscapeRight";
				LD_RUNPATH_SEARCH_PATHS = (
					"$(inherited)",
					"@executable_path/Frameworks",
				);
				MARKETING_VERSION = 1.0;
				PRODUCT_BUNDLE_IDENTIFIER = com.bcakyz.GestureRecognizer;
				PRODUCT_NAME = "$(TARGET_NAME)";
				SWIFT_EMIT_LOC_STRINGS = YES;
				SWIFT_VERSION = 5.0;
				TARGETED_DEVICE_FAMILY = "1,2";
			};
			name = Debug;
		};
		F79EE152291D15B800DC16EF /* Release */ = {
			isa = XCBuildConfiguration;
			buildSettings = {
				ASSETCATALOG_COMPILER_APPICON_NAME = AppIcon;
				ASSETCATALOG_COMPILER_GLOBAL_ACCENT_COLOR_NAME = AccentColor;
				CODE_SIGN_STYLE = Automatic;
				CURRENT_PROJECT_VERSION = 1;
				DEVELOPMENT_TEAM = AZPJSKX9C9;
				GENERATE_INFOPLIST_FILE = YES;
				INFOPLIST_FILE = GestureRecognizer/Info.plist;
				INFOPLIST_KEY_UIApplicationSupportsIndirectInputEvents = YES;
				INFOPLIST_KEY_UILaunchStoryboardName = LaunchScreen;
				INFOPLIST_KEY_UIMainStoryboardFile = Main;
				INFOPLIST_KEY_UISupportedInterfaceOrientations_iPad = "UIInterfaceOrientationPortrait UIInterfaceOrientationPortraitUpsideDown UIInterfaceOrientationLandscapeLeft UIInterfaceOrientationLandscapeRight";
				INFOPLIST_KEY_UISupportedInterfaceOrientations_iPhone = "UIInterfaceOrientationPortrait UIInterfaceOrientationLandscapeLeft UIInterfaceOrientationLandscapeRight";
				LD_RUNPATH_SEARCH_PATHS = (
					"$(inherited)",
					"@executable_path/Frameworks",
				);
				MARKETING_VERSION = 1.0;
				PRODUCT_BUNDLE_IDENTIFIER = com.bcakyz.GestureRecognizer;
				PRODUCT_NAME = "$(TARGET_NAME)";
				SWIFT_EMIT_LOC_STRINGS = YES;
				SWIFT_VERSION = 5.0;
				TARGETED_DEVICE_FAMILY = "1,2";
			};
			name = Release;
		};
		F79EE154291D15B800DC16EF /* Debug */ = {
			isa = XCBuildConfiguration;
			buildSettings = {
				ALWAYS_EMBED_SWIFT_STANDARD_LIBRARIES = YES;
				BUNDLE_LOADER = "$(TEST_HOST)";
				CODE_SIGN_STYLE = Automatic;
				CURRENT_PROJECT_VERSION = 1;
				DEVELOPMENT_TEAM = AZPJSKX9C9;
				GENERATE_INFOPLIST_FILE = YES;
				IPHONEOS_DEPLOYMENT_TARGET = 16.1;
				MARKETING_VERSION = 1.0;
				PRODUCT_BUNDLE_IDENTIFIER = com.bcakyz.GestureRecognizerTests;
				PRODUCT_NAME = "$(TARGET_NAME)";
				SWIFT_EMIT_LOC_STRINGS = NO;
				SWIFT_VERSION = 5.0;
				TARGETED_DEVICE_FAMILY = "1,2";
				TEST_HOST = "$(BUILT_PRODUCTS_DIR)/GestureRecognizer.app/$(BUNDLE_EXECUTABLE_FOLDER_PATH)/GestureRecognizer";
			};
			name = Debug;
		};
		F79EE155291D15B800DC16EF /* Release */ = {
			isa = XCBuildConfiguration;
			buildSettings = {
				ALWAYS_EMBED_SWIFT_STANDARD_LIBRARIES = YES;
				BUNDLE_LOADER = "$(TEST_HOST)";
				CODE_SIGN_STYLE = Automatic;
				CURRENT_PROJECT_VERSION = 1;
				DEVELOPMENT_TEAM = AZPJSKX9C9;
				GENERATE_INFOPLIST_FILE = YES;
				IPHONEOS_DEPLOYMENT_TARGET = 16.1;
				MARKETING_VERSION = 1.0;
				PRODUCT_BUNDLE_IDENTIFIER = com.bcakyz.GestureRecognizerTests;
				PRODUCT_NAME = "$(TARGET_NAME)";
				SWIFT_EMIT_LOC_STRINGS = NO;
				SWIFT_VERSION = 5.0;
				TARGETED_DEVICE_FAMILY = "1,2";
				TEST_HOST = "$(BUILT_PRODUCTS_DIR)/GestureRecognizer.app/$(BUNDLE_EXECUTABLE_FOLDER_PATH)/GestureRecognizer";
			};
			name = Release;
		};
		F79EE157291D15B800DC16EF /* Debug */ = {
			isa = XCBuildConfiguration;
			buildSettings = {
				ALWAYS_EMBED_SWIFT_STANDARD_LIBRARIES = YES;
				CODE_SIGN_STYLE = Automatic;
				CURRENT_PROJECT_VERSION = 1;
				DEVELOPMENT_TEAM = AZPJSKX9C9;
				GENERATE_INFOPLIST_FILE = YES;
				MARKETING_VERSION = 1.0;
				PRODUCT_BUNDLE_IDENTIFIER = com.bcakyz.GestureRecognizerUITests;
				PRODUCT_NAME = "$(TARGET_NAME)";
				SWIFT_EMIT_LOC_STRINGS = NO;
				SWIFT_VERSION = 5.0;
				TARGETED_DEVICE_FAMILY = "1,2";
				TEST_TARGET_NAME = GestureRecognizer;
			};
			name = Debug;
		};
		F79EE158291D15B800DC16EF /* Release */ = {
			isa = XCBuildConfiguration;
			buildSettings = {
				ALWAYS_EMBED_SWIFT_STANDARD_LIBRARIES = YES;
				CODE_SIGN_STYLE = Automatic;
				CURRENT_PROJECT_VERSION = 1;
				DEVELOPMENT_TEAM = AZPJSKX9C9;
				GENERATE_INFOPLIST_FILE = YES;
				MARKETING_VERSION = 1.0;
				PRODUCT_BUNDLE_IDENTIFIER = com.bcakyz.GestureRecognizerUITests;
				PRODUCT_NAME = "$(TARGET_NAME)";
				SWIFT_EMIT_LOC_STRINGS = NO;
				SWIFT_VERSION = 5.0;
				TARGETED_DEVICE_FAMILY = "1,2";
				TEST_TARGET_NAME = GestureRecognizer;
			};
			name = Release;
		};
/* End XCBuildConfiguration section */

/* Begin XCConfigurationList section */
		F79EE11E291D15B400DC16EF /* Build configuration list for PBXProject "GestureRecognizer" */ = {
			isa = XCConfigurationList;
			buildConfigurations = (
				F79EE14E291D15B800DC16EF /* Debug */,
				F79EE14F291D15B800DC16EF /* Release */,
			);
			defaultConfigurationIsVisible = 0;
			defaultConfigurationName = Release;
		};
		F79EE150291D15B800DC16EF /* Build configuration list for PBXNativeTarget "GestureRecognizer" */ = {
			isa = XCConfigurationList;
			buildConfigurations = (
				F79EE151291D15B800DC16EF /* Debug */,
				F79EE152291D15B800DC16EF /* Release */,
			);
			defaultConfigurationIsVisible = 0;
			defaultConfigurationName = Release;
		};
		F79EE153291D15B800DC16EF /* Build configuration list for PBXNativeTarget "GestureRecognizerTests" */ = {
			isa = XCConfigurationList;
			buildConfigurations = (
				F79EE154291D15B800DC16EF /* Debug */,
				F79EE155291D15B800DC16EF /* Release */,
			);
			defaultConfigurationIsVisible = 0;
			defaultConfigurationName = Release;
		};
		F79EE156291D15B800DC16EF /* Build configuration list for PBXNativeTarget "GestureRecognizerUITests" */ = {
			isa = XCConfigurationList;
			buildConfigurations = (
				F79EE157291D15B800DC16EF /* Debug */,
				F79EE158291D15B800DC16EF /* Release */,
			);
			defaultConfigurationIsVisible = 0;
			defaultConfigurationName = Release;
		};
/* End XCConfigurationList section */

/* Begin XCVersionGroup section */
		F79EE12F291D15B400DC16EF /* GestureRecognizer.xcdatamodeld */ = {
			isa = XCVersionGroup;
			children = (
				F79EE130291D15B400DC16EF /* GestureRecognizer.xcdatamodel */,
			);
			currentVersion = F79EE130291D15B400DC16EF /* GestureRecognizer.xcdatamodel */;
			path = GestureRecognizer.xcdatamodeld;
			sourceTree = "<group>";
			versionGroupType = wrapper.xcdatamodel;
		};
/* End XCVersionGroup section */
	};
	rootObject = F79EE11B291D15B400DC16EF /* Project object */;
}
