// !$*UTF8*$!
{
	archiveVersion = 1;
	classes = {
	};
	objectVersion = 56;
	objects = {

/* Begin PBXBuildFile section */
		F7E512E1290FF2B100C086EF /* AppDelegate.swift in Sources */ = {isa = PBXBuildFile; fileRef = F7E512E0290FF2B100C086EF /* AppDelegate.swift */; };
		F7E512E3290FF2B100C086EF /* SceneDelegate.swift in Sources */ = {isa = PBXBuildFile; fileRef = F7E512E2290FF2B100C086EF /* SceneDelegate.swift */; };
		F7E512E5290FF2B100C086EF /* ViewController.swift in Sources */ = {isa = PBXBuildFile; fileRef = F7E512E4290FF2B100C086EF /* ViewController.swift */; };
		F7E512E8290FF2B100C086EF /* Main.storyboard in Resources */ = {isa = PBXBuildFile; fileRef = F7E512E6290FF2B100C086EF /* Main.storyboard */; };
		F7E512EB290FF2B100C086EF /* AlertProject.xcdatamodeld in Sources */ = {isa = PBXBuildFile; fileRef = F7E512E9290FF2B100C086EF /* AlertProject.xcdatamodeld */; };
		F7E512ED290FF2B600C086EF /* Assets.xcassets in Resources */ = {isa = PBXBuildFile; fileRef = F7E512EC290FF2B600C086EF /* Assets.xcassets */; };
		F7E512F0290FF2B600C086EF /* LaunchScreen.storyboard in Resources */ = {isa = PBXBuildFile; fileRef = F7E512EE290FF2B600C086EF /* LaunchScreen.storyboard */; };
		F7E512FB290FF2B700C086EF /* AlertProjectTests.swift in Sources */ = {isa = PBXBuildFile; fileRef = F7E512FA290FF2B700C086EF /* AlertProjectTests.swift */; };
		F7E51305290FF2B700C086EF /* AlertProjectUITests.swift in Sources */ = {isa = PBXBuildFile; fileRef = F7E51304290FF2B700C086EF /* AlertProjectUITests.swift */; };
		F7E51307290FF2B700C086EF /* AlertProjectUITestsLaunchTests.swift in Sources */ = {isa = PBXBuildFile; fileRef = F7E51306290FF2B700C086EF /* AlertProjectUITestsLaunchTests.swift */; };
/* End PBXBuildFile section */

/* Begin PBXContainerItemProxy section */
		F7E512F7290FF2B700C086EF /* PBXContainerItemProxy */ = {
			isa = PBXContainerItemProxy;
			containerPortal = F7E512D5290FF2B100C086EF /* Project object */;
			proxyType = 1;
			remoteGlobalIDString = F7E512DC290FF2B100C086EF;
			remoteInfo = AlertProject;
		};
		F7E51301290FF2B700C086EF /* PBXContainerItemProxy */ = {
			isa = PBXContainerItemProxy;
			containerPortal = F7E512D5290FF2B100C086EF /* Project object */;
			proxyType = 1;
			remoteGlobalIDString = F7E512DC290FF2B100C086EF;
			remoteInfo = AlertProject;
		};
/* End PBXContainerItemProxy section */

/* Begin PBXFileReference section */
		F7E512DD290FF2B100C086EF /* AlertProject.app */ = {isa = PBXFileReference; explicitFileType = wrapper.application; includeInIndex = 0; path = AlertProject.app; sourceTree = BUILT_PRODUCTS_DIR; };
		F7E512E0290FF2B100C086EF /* AppDelegate.swift */ = {isa = PBXFileReference; lastKnownFileType = sourcecode.swift; path = AppDelegate.swift; sourceTree = "<group>"; };
		F7E512E2290FF2B100C086EF /* SceneDelegate.swift */ = {isa = PBXFileReference; lastKnownFileType = sourcecode.swift; path = SceneDelegate.swift; sourceTree = "<group>"; };
		F7E512E4290FF2B100C086EF /* ViewController.swift */ = {isa = PBXFileReference; lastKnownFileType = sourcecode.swift; path = ViewController.swift; sourceTree = "<group>"; };
		F7E512E7290FF2B100C086EF /* Base */ = {isa = PBXFileReference; lastKnownFileType = file.storyboard; name = Base; path = Base.lproj/Main.storyboard; sourceTree = "<group>"; };
		F7E512EA290FF2B100C086EF /* AlertProject.xcdatamodel */ = {isa = PBXFileReference; lastKnownFileType = wrapper.xcdatamodel; path = AlertProject.xcdatamodel; sourceTree = "<group>"; };
		F7E512EC290FF2B600C086EF /* Assets.xcassets */ = {isa = PBXFileReference; lastKnownFileType = folder.assetcatalog; path = Assets.xcassets; sourceTree = "<group>"; };
		F7E512EF290FF2B600C086EF /* Base */ = {isa = PBXFileReference; lastKnownFileType = file.storyboard; name = Base; path = Base.lproj/LaunchScreen.storyboard; sourceTree = "<group>"; };
		F7E512F1290FF2B600C086EF /* Info.plist */ = {isa = PBXFileReference; lastKnownFileType = text.plist.xml; path = Info.plist; sourceTree = "<group>"; };
		F7E512F6290FF2B700C086EF /* AlertProjectTests.xctest */ = {isa = PBXFileReference; explicitFileType = wrapper.cfbundle; includeInIndex = 0; path = AlertProjectTests.xctest; sourceTree = BUILT_PRODUCTS_DIR; };
		F7E512FA290FF2B700C086EF /* AlertProjectTests.swift */ = {isa = PBXFileReference; lastKnownFileType = sourcecode.swift; path = AlertProjectTests.swift; sourceTree = "<group>"; };
		F7E51300290FF2B700C086EF /* AlertProjectUITests.xctest */ = {isa = PBXFileReference; explicitFileType = wrapper.cfbundle; includeInIndex = 0; path = AlertProjectUITests.xctest; sourceTree = BUILT_PRODUCTS_DIR; };
		F7E51304290FF2B700C086EF /* AlertProjectUITests.swift */ = {isa = PBXFileReference; lastKnownFileType = sourcecode.swift; path = AlertProjectUITests.swift; sourceTree = "<group>"; };
		F7E51306290FF2B700C086EF /* AlertProjectUITestsLaunchTests.swift */ = {isa = PBXFileReference; lastKnownFileType = sourcecode.swift; path = AlertProjectUITestsLaunchTests.swift; sourceTree = "<group>"; };
/* End PBXFileReference section */

/* Begin PBXFrameworksBuildPhase section */
		F7E512DA290FF2B100C086EF /* Frameworks */ = {
			isa = PBXFrameworksBuildPhase;
			buildActionMask = 2147483647;
			files = (
			);
			runOnlyForDeploymentPostprocessing = 0;
		};
		F7E512F3290FF2B700C086EF /* Frameworks */ = {
			isa = PBXFrameworksBuildPhase;
			buildActionMask = 2147483647;
			files = (
			);
			runOnlyForDeploymentPostprocessing = 0;
		};
		F7E512FD290FF2B700C086EF /* Frameworks */ = {
			isa = PBXFrameworksBuildPhase;
			buildActionMask = 2147483647;
			files = (
			);
			runOnlyForDeploymentPostprocessing = 0;
		};
/* End PBXFrameworksBuildPhase section */

/* Begin PBXGroup section */
		F7E512D4290FF2B100C086EF = {
			isa = PBXGroup;
			children = (
				F7E512DF290FF2B100C086EF /* AlertProject */,
				F7E512F9290FF2B700C086EF /* AlertProjectTests */,
				F7E51303290FF2B700C086EF /* AlertProjectUITests */,
				F7E512DE290FF2B100C086EF /* Products */,
			);
			sourceTree = "<group>";
		};
		F7E512DE290FF2B100C086EF /* Products */ = {
			isa = PBXGroup;
			children = (
				F7E512DD290FF2B100C086EF /* AlertProject.app */,
				F7E512F6290FF2B700C086EF /* AlertProjectTests.xctest */,
				F7E51300290FF2B700C086EF /* AlertProjectUITests.xctest */,
			);
			name = Products;
			sourceTree = "<group>";
		};
		F7E512DF290FF2B100C086EF /* AlertProject */ = {
			isa = PBXGroup;
			children = (
				F7E512E0290FF2B100C086EF /* AppDelegate.swift */,
				F7E512E2290FF2B100C086EF /* SceneDelegate.swift */,
				F7E512E4290FF2B100C086EF /* ViewController.swift */,
				F7E512E6290FF2B100C086EF /* Main.storyboard */,
				F7E512EC290FF2B600C086EF /* Assets.xcassets */,
				F7E512EE290FF2B600C086EF /* LaunchScreen.storyboard */,
				F7E512F1290FF2B600C086EF /* Info.plist */,
				F7E512E9290FF2B100C086EF /* AlertProject.xcdatamodeld */,
			);
			path = AlertProject;
			sourceTree = "<group>";
		};
		F7E512F9290FF2B700C086EF /* AlertProjectTests */ = {
			isa = PBXGroup;
			children = (
				F7E512FA290FF2B700C086EF /* AlertProjectTests.swift */,
			);
			path = AlertProjectTests;
			sourceTree = "<group>";
		};
		F7E51303290FF2B700C086EF /* AlertProjectUITests */ = {
			isa = PBXGroup;
			children = (
				F7E51304290FF2B700C086EF /* AlertProjectUITests.swift */,
				F7E51306290FF2B700C086EF /* AlertProjectUITestsLaunchTests.swift */,
			);
			path = AlertProjectUITests;
			sourceTree = "<group>";
		};
/* End PBXGroup section */

/* Begin PBXNativeTarget section */
		F7E512DC290FF2B100C086EF /* AlertProject */ = {
			isa = PBXNativeTarget;
			buildConfigurationList = F7E5130A290FF2B700C086EF /* Build configuration list for PBXNativeTarget "AlertProject" */;
			buildPhases = (
				F7E512D9290FF2B100C086EF /* Sources */,
				F7E512DA290FF2B100C086EF /* Frameworks */,
				F7E512DB290FF2B100C086EF /* Resources */,
			);
			buildRules = (
			);
			dependencies = (
			);
			name = AlertProject;
			productName = AlertProject;
			productReference = F7E512DD290FF2B100C086EF /* AlertProject.app */;
			productType = "com.apple.product-type.application";
		};
		F7E512F5290FF2B700C086EF /* AlertProjectTests */ = {
			isa = PBXNativeTarget;
			buildConfigurationList = F7E5130D290FF2B700C086EF /* Build configuration list for PBXNativeTarget "AlertProjectTests" */;
			buildPhases = (
				F7E512F2290FF2B700C086EF /* Sources */,
				F7E512F3290FF2B700C086EF /* Frameworks */,
				F7E512F4290FF2B700C086EF /* Resources */,
			);
			buildRules = (
			);
			dependencies = (
				F7E512F8290FF2B700C086EF /* PBXTargetDependency */,
			);
			name = AlertProjectTests;
			productName = AlertProjectTests;
			productReference = F7E512F6290FF2B700C086EF /* AlertProjectTests.xctest */;
			productType = "com.apple.product-type.bundle.unit-test";
		};
		F7E512FF290FF2B700C086EF /* AlertProjectUITests */ = {
			isa = PBXNativeTarget;
			buildConfigurationList = F7E51310290FF2B700C086EF /* Build configuration list for PBXNativeTarget "AlertProjectUITests" */;
			buildPhases = (
				F7E512FC290FF2B700C086EF /* Sources */,
				F7E512FD290FF2B700C086EF /* Frameworks */,
				F7E512FE290FF2B700C086EF /* Resources */,
			);
			buildRules = (
			);
			dependencies = (
				F7E51302290FF2B700C086EF /* PBXTargetDependency */,
			);
			name = AlertProjectUITests;
			productName = AlertProjectUITests;
			productReference = F7E51300290FF2B700C086EF /* AlertProjectUITests.xctest */;
			productType = "com.apple.product-type.bundle.ui-testing";
		};
/* End PBXNativeTarget section */

/* Begin PBXProject section */
		F7E512D5290FF2B100C086EF /* Project object */ = {
			isa = PBXProject;
			attributes = {
				BuildIndependentTargetsInParallel = 1;
				LastSwiftUpdateCheck = 1400;
				LastUpgradeCheck = 1400;
				TargetAttributes = {
					F7E512DC290FF2B100C086EF = {
						CreatedOnToolsVersion = 14.0.1;
					};
					F7E512F5290FF2B700C086EF = {
						CreatedOnToolsVersion = 14.0.1;
						TestTargetID = F7E512DC290FF2B100C086EF;
					};
					F7E512FF290FF2B700C086EF = {
						CreatedOnToolsVersion = 14.0.1;
						TestTargetID = F7E512DC290FF2B100C086EF;
					};
				};
			};
			buildConfigurationList = F7E512D8290FF2B100C086EF /* Build configuration list for PBXProject "AlertProject" */;
			compatibilityVersion = "Xcode 14.0";
			developmentRegion = en;
			hasScannedForEncodings = 0;
			knownRegions = (
				en,
				Base,
			);
			mainGroup = F7E512D4290FF2B100C086EF;
			productRefGroup = F7E512DE290FF2B100C086EF /* Products */;
			projectDirPath = "";
			projectRoot = "";
			targets = (
				F7E512DC290FF2B100C086EF /* AlertProject */,
				F7E512F5290FF2B700C086EF /* AlertProjectTests */,
				F7E512FF290FF2B700C086EF /* AlertProjectUITests */,
			);
		};
/* End PBXProject section */

/* Begin PBXResourcesBuildPhase section */
		F7E512DB290FF2B100C086EF /* Resources */ = {
			isa = PBXResourcesBuildPhase;
			buildActionMask = 2147483647;
			files = (
				F7E512F0290FF2B600C086EF /* LaunchScreen.storyboard in Resources */,
				F7E512ED290FF2B600C086EF /* Assets.xcassets in Resources */,
				F7E512E8290FF2B100C086EF /* Main.storyboard in Resources */,
			);
			runOnlyForDeploymentPostprocessing = 0;
		};
		F7E512F4290FF2B700C086EF /* Resources */ = {
			isa = PBXResourcesBuildPhase;
			buildActionMask = 2147483647;
			files = (
			);
			runOnlyForDeploymentPostprocessing = 0;
		};
		F7E512FE290FF2B700C086EF /* Resources */ = {
			isa = PBXResourcesBuildPhase;
			buildActionMask = 2147483647;
			files = (
			);
			runOnlyForDeploymentPostprocessing = 0;
		};
/* End PBXResourcesBuildPhase section */

/* Begin PBXSourcesBuildPhase section */
		F7E512D9290FF2B100C086EF /* Sources */ = {
			isa = PBXSourcesBuildPhase;
			buildActionMask = 2147483647;
			files = (
				F7E512EB290FF2B100C086EF /* AlertProject.xcdatamodeld in Sources */,
				F7E512E5290FF2B100C086EF /* ViewController.swift in Sources */,
				F7E512E1290FF2B100C086EF /* AppDelegate.swift in Sources */,
				F7E512E3290FF2B100C086EF /* SceneDelegate.swift in Sources */,
			);
			runOnlyForDeploymentPostprocessing = 0;
		};
		F7E512F2290FF2B700C086EF /* Sources */ = {
			isa = PBXSourcesBuildPhase;
			buildActionMask = 2147483647;
			files = (
				F7E512FB290FF2B700C086EF /* AlertProjectTests.swift in Sources */,
			);
			runOnlyForDeploymentPostprocessing = 0;
		};
		F7E512FC290FF2B700C086EF /* Sources */ = {
			isa = PBXSourcesBuildPhase;
			buildActionMask = 2147483647;
			files = (
				F7E51305290FF2B700C086EF /* AlertProjectUITests.swift in Sources */,
				F7E51307290FF2B700C086EF /* AlertProjectUITestsLaunchTests.swift in Sources */,
			);
			runOnlyForDeploymentPostprocessing = 0;
		};
/* End PBXSourcesBuildPhase section */

/* Begin PBXTargetDependency section */
		F7E512F8290FF2B700C086EF /* PBXTargetDependency */ = {
			isa = PBXTargetDependency;
			target = F7E512DC290FF2B100C086EF /* AlertProject */;
			targetProxy = F7E512F7290FF2B700C086EF /* PBXContainerItemProxy */;
		};
		F7E51302290FF2B700C086EF /* PBXTargetDependency */ = {
			isa = PBXTargetDependency;
			target = F7E512DC290FF2B100C086EF /* AlertProject */;
			targetProxy = F7E51301290FF2B700C086EF /* PBXContainerItemProxy */;
		};
/* End PBXTargetDependency section */

/* Begin PBXVariantGroup section */
		F7E512E6290FF2B100C086EF /* Main.storyboard */ = {
			isa = PBXVariantGroup;
			children = (
				F7E512E7290FF2B100C086EF /* Base */,
			);
			name = Main.storyboard;
			sourceTree = "<group>";
		};
		F7E512EE290FF2B600C086EF /* LaunchScreen.storyboard */ = {
			isa = PBXVariantGroup;
			children = (
				F7E512EF290FF2B600C086EF /* Base */,
			);
			name = LaunchScreen.storyboard;
			sourceTree = "<group>";
		};
/* End PBXVariantGroup section */

/* Begin XCBuildConfiguration section */
		F7E51308290FF2B700C086EF /* Debug */ = {
			isa = XCBuildConfiguration;
			buildSettings = {
				ALWAYS_SEARCH_USER_PATHS = NO;
				CLANG_ANALYZER_NONNULL = YES;
				CLANG_ANALYZER_NUMBER_OBJECT_CONVERSION = YES_AGGRESSIVE;
				CLANG_CXX_LANGUAGE_STANDARD = "gnu++20";
				CLANG_ENABLE_MODULES = YES;
				CLANG_ENABLE_OBJC_ARC = YES;
				CLANG_ENABLE_OBJC_WEAK = YES;
				CLANG_WARN_BLOCK_CAPTURE_AUTORELEASING = YES;
				CLANG_WARN_BOOL_CONVERSION = YES;
				CLANG_WARN_COMMA = YES;
				CLANG_WARN_CONSTANT_CONVERSION = YES;
				CLANG_WARN_DEPRECATED_OBJC_IMPLEMENTATIONS = YES;
				CLANG_WARN_DIRECT_OBJC_ISA_USAGE = YES_ERROR;
				CLANG_WARN_DOCUMENTATION_COMMENTS = YES;
				CLANG_WARN_EMPTY_BODY = YES;
				CLANG_WARN_ENUM_CONVERSION = YES;
				CLANG_WARN_INFINITE_RECURSION = YES;
				CLANG_WARN_INT_CONVERSION = YES;
				CLANG_WARN_NON_LITERAL_NULL_CONVERSION = YES;
				CLANG_WARN_OBJC_IMPLICIT_RETAIN_SELF = YES;
				CLANG_WARN_OBJC_LITERAL_CONVERSION = YES;
				CLANG_WARN_OBJC_ROOT_CLASS = YES_ERROR;
				CLANG_WARN_QUOTED_INCLUDE_IN_FRAMEWORK_HEADER = YES;
				CLANG_WARN_RANGE_LOOP_ANALYSIS = YES;
				CLANG_WARN_STRICT_PROTOTYPES = YES;
				CLANG_WARN_SUSPICIOUS_MOVE = YES;
				CLANG_WARN_UNGUARDED_AVAILABILITY = YES_AGGRESSIVE;
				CLANG_WARN_UNREACHABLE_CODE = YES;
				CLANG_WARN__DUPLICATE_METHOD_MATCH = YES;
				COPY_PHASE_STRIP = NO;
				DEBUG_INFORMATION_FORMAT = dwarf;
				ENABLE_STRICT_OBJC_MSGSEND = YES;
				ENABLE_TESTABILITY = YES;
				GCC_C_LANGUAGE_STANDARD = gnu11;
				GCC_DYNAMIC_NO_PIC = NO;
				GCC_NO_COMMON_BLOCKS = YES;
				GCC_OPTIMIZATION_LEVEL = 0;
				GCC_PREPROCESSOR_DEFINITIONS = (
					"DEBUG=1",
					"$(inherited)",
				);
				GCC_WARN_64_TO_32_BIT_CONVERSION = YES;
				GCC_WARN_ABOUT_RETURN_TYPE = YES_ERROR;
				GCC_WARN_UNDECLARED_SELECTOR = YES;
				GCC_WARN_UNINITIALIZED_AUTOS = YES_AGGRESSIVE;
				GCC_WARN_UNUSED_FUNCTION = YES;
				GCC_WARN_UNUSED_VARIABLE = YES;
				IPHONEOS_DEPLOYMENT_TARGET = 16.0;
				MTL_ENABLE_DEBUG_INFO = INCLUDE_SOURCE;
				MTL_FAST_MATH = YES;
				ONLY_ACTIVE_ARCH = YES;
				SDKROOT = iphoneos;
				SWIFT_ACTIVE_COMPILATION_CONDITIONS = DEBUG;
				SWIFT_OPTIMIZATION_LEVEL = "-Onone";
			};
			name = Debug;
		};
		F7E51309290FF2B700C086EF /* Release */ = {
			isa = XCBuildConfiguration;
			buildSettings = {
				ALWAYS_SEARCH_USER_PATHS = NO;
				CLANG_ANALYZER_NONNULL = YES;
				CLANG_ANALYZER_NUMBER_OBJECT_CONVERSION = YES_AGGRESSIVE;
				CLANG_CXX_LANGUAGE_STANDARD = "gnu++20";
				CLANG_ENABLE_MODULES = YES;
				CLANG_ENABLE_OBJC_ARC = YES;
				CLANG_ENABLE_OBJC_WEAK = YES;
				CLANG_WARN_BLOCK_CAPTURE_AUTORELEASING = YES;
				CLANG_WARN_BOOL_CONVERSION = YES;
				CLANG_WARN_COMMA = YES;
				CLANG_WARN_CONSTANT_CONVERSION = YES;
				CLANG_WARN_DEPRECATED_OBJC_IMPLEMENTATIONS = YES;
				CLANG_WARN_DIRECT_OBJC_ISA_USAGE = YES_ERROR;
				CLANG_WARN_DOCUMENTATION_COMMENTS = YES;
				CLANG_WARN_EMPTY_BODY = YES;
				CLANG_WARN_ENUM_CONVERSION = YES;
				CLANG_WARN_INFINITE_RECURSION = YES;
				CLANG_WARN_INT_CONVERSION = YES;
				CLANG_WARN_NON_LITERAL_NULL_CONVERSION = YES;
				CLANG_WARN_OBJC_IMPLICIT_RETAIN_SELF = YES;
				CLANG_WARN_OBJC_LITERAL_CONVERSION = YES;
				CLANG_WARN_OBJC_ROOT_CLASS = YES_ERROR;
				CLANG_WARN_QUOTED_INCLUDE_IN_FRAMEWORK_HEADER = YES;
				CLANG_WARN_RANGE_LOOP_ANALYSIS = YES;
				CLANG_WARN_STRICT_PROTOTYPES = YES;
				CLANG_WARN_SUSPICIOUS_MOVE = YES;
				CLANG_WARN_UNGUARDED_AVAILABILITY = YES_AGGRESSIVE;
				CLANG_WARN_UNREACHABLE_CODE = YES;
				CLANG_WARN__DUPLICATE_METHOD_MATCH = YES;
				COPY_PHASE_STRIP = NO;
				DEBUG_INFORMATION_FORMAT = "dwarf-with-dsym";
				ENABLE_NS_ASSERTIONS = NO;
				ENABLE_STRICT_OBJC_MSGSEND = YES;
				GCC_C_LANGUAGE_STANDARD = gnu11;
				GCC_NO_COMMON_BLOCKS = YES;
				GCC_WARN_64_TO_32_BIT_CONVERSION = YES;
				GCC_WARN_ABOUT_RETURN_TYPE = YES_ERROR;
				GCC_WARN_UNDECLARED_SELECTOR = YES;
				GCC_WARN_UNINITIALIZED_AUTOS = YES_AGGRESSIVE;
				GCC_WARN_UNUSED_FUNCTION = YES;
				GCC_WARN_UNUSED_VARIABLE = YES;
				IPHONEOS_DEPLOYMENT_TARGET = 16.0;
				MTL_ENABLE_DEBUG_INFO = NO;
				MTL_FAST_MATH = YES;
				SDKROOT = iphoneos;
				SWIFT_COMPILATION_MODE = wholemodule;
				SWIFT_OPTIMIZATION_LEVEL = "-O";
				VALIDATE_PRODUCT = YES;
			};
			name = Release;
		};
		F7E5130B290FF2B700C086EF /* Debug */ = {
			isa = XCBuildConfiguration;
			buildSettings = {
				ASSETCATALOG_COMPILER_APPICON_NAME = AppIcon;
				ASSETCATALOG_COMPILER_GLOBAL_ACCENT_COLOR_NAME = AccentColor;
				CODE_SIGN_STYLE = Automatic;
				CURRENT_PROJECT_VERSION = 1;
				DEVELOPMENT_TEAM = AZPJSKX9C9;
				GENERATE_INFOPLIST_FILE = YES;
				INFOPLIST_FILE = AlertProject/Info.plist;
				INFOPLIST_KEY_UIApplicationSupportsIndirectInputEvents = YES;
				INFOPLIST_KEY_UILaunchStoryboardName = LaunchScreen;
				INFOPLIST_KEY_UIMainStoryboardFile = Main;
				INFOPLIST_KEY_UISupportedInterfaceOrientations_iPad = "UIInterfaceOrientationPortrait UIInterfaceOrientationPortraitUpsideDown UIInterfaceOrientationLandscapeLeft UIInterfaceOrientationLandscapeRight";
				INFOPLIST_KEY_UISupportedInterfaceOrientations_iPhone = "UIInterfaceOrientationPortrait UIInterfaceOrientationLandscapeLeft UIInterfaceOrientationLandscapeRight";
				LD_RUNPATH_SEARCH_PATHS = (
					"$(inherited)",
					"@executable_path/Frameworks",
				);
				MARKETING_VERSION = 1.0;
				PRODUCT_BUNDLE_IDENTIFIER = com.bcakyz.AlertProject;
				PRODUCT_NAME = "$(TARGET_NAME)";
				SWIFT_EMIT_LOC_STRINGS = YES;
				SWIFT_VERSION = 5.0;
				TARGETED_DEVICE_FAMILY = "1,2";
			};
			name = Debug;
		};
		F7E5130C290FF2B700C086EF /* Release */ = {
			isa = XCBuildConfiguration;
			buildSettings = {
				ASSETCATALOG_COMPILER_APPICON_NAME = AppIcon;
				ASSETCATALOG_COMPILER_GLOBAL_ACCENT_COLOR_NAME = AccentColor;
				CODE_SIGN_STYLE = Automatic;
				CURRENT_PROJECT_VERSION = 1;
				DEVELOPMENT_TEAM = AZPJSKX9C9;
				GENERATE_INFOPLIST_FILE = YES;
				INFOPLIST_FILE = AlertProject/Info.plist;
				INFOPLIST_KEY_UIApplicationSupportsIndirectInputEvents = YES;
				INFOPLIST_KEY_UILaunchStoryboardName = LaunchScreen;
				INFOPLIST_KEY_UIMainStoryboardFile = Main;
				INFOPLIST_KEY_UISupportedInterfaceOrientations_iPad = "UIInterfaceOrientationPortrait UIInterfaceOrientationPortraitUpsideDown UIInterfaceOrientationLandscapeLeft UIInterfaceOrientationLandscapeRight";
				INFOPLIST_KEY_UISupportedInterfaceOrientations_iPhone = "UIInterfaceOrientationPortrait UIInterfaceOrientationLandscapeLeft UIInterfaceOrientationLandscapeRight";
				LD_RUNPATH_SEARCH_PATHS = (
					"$(inherited)",
					"@executable_path/Frameworks",
				);
				MARKETING_VERSION = 1.0;
				PRODUCT_BUNDLE_IDENTIFIER = com.bcakyz.AlertProject;
				PRODUCT_NAME = "$(TARGET_NAME)";
				SWIFT_EMIT_LOC_STRINGS = YES;
				SWIFT_VERSION = 5.0;
				TARGETED_DEVICE_FAMILY = "1,2";
			};
			name = Release;
		};
		F7E5130E290FF2B700C086EF /* Debug */ = {
			isa = XCBuildConfiguration;
			buildSettings = {
				ALWAYS_EMBED_SWIFT_STANDARD_LIBRARIES = YES;
				BUNDLE_LOADER = "$(TEST_HOST)";
				CODE_SIGN_STYLE = Automatic;
				CURRENT_PROJECT_VERSION = 1;
				DEVELOPMENT_TEAM = AZPJSKX9C9;
				GENERATE_INFOPLIST_FILE = YES;
				IPHONEOS_DEPLOYMENT_TARGET = 16.0;
				MARKETING_VERSION = 1.0;
				PRODUCT_BUNDLE_IDENTIFIER = com.bcakyz.AlertProjectTests;
				PRODUCT_NAME = "$(TARGET_NAME)";
				SWIFT_EMIT_LOC_STRINGS = NO;
				SWIFT_VERSION = 5.0;
				TARGETED_DEVICE_FAMILY = "1,2";
				TEST_HOST = "$(BUILT_PRODUCTS_DIR)/AlertProject.app/$(BUNDLE_EXECUTABLE_FOLDER_PATH)/AlertProject";
			};
			name = Debug;
		};
		F7E5130F290FF2B700C086EF /* Release */ = {
			isa = XCBuildConfiguration;
			buildSettings = {
				ALWAYS_EMBED_SWIFT_STANDARD_LIBRARIES = YES;
				BUNDLE_LOADER = "$(TEST_HOST)";
				CODE_SIGN_STYLE = Automatic;
				CURRENT_PROJECT_VERSION = 1;
				DEVELOPMENT_TEAM = AZPJSKX9C9;
				GENERATE_INFOPLIST_FILE = YES;
				IPHONEOS_DEPLOYMENT_TARGET = 16.0;
				MARKETING_VERSION = 1.0;
				PRODUCT_BUNDLE_IDENTIFIER = com.bcakyz.AlertProjectTests;
				PRODUCT_NAME = "$(TARGET_NAME)";
				SWIFT_EMIT_LOC_STRINGS = NO;
				SWIFT_VERSION = 5.0;
				TARGETED_DEVICE_FAMILY = "1,2";
				TEST_HOST = "$(BUILT_PRODUCTS_DIR)/AlertProject.app/$(BUNDLE_EXECUTABLE_FOLDER_PATH)/AlertProject";
			};
			name = Release;
		};
		F7E51311290FF2B700C086EF /* Debug */ = {
			isa = XCBuildConfiguration;
			buildSettings = {
				ALWAYS_EMBED_SWIFT_STANDARD_LIBRARIES = YES;
				CODE_SIGN_STYLE = Automatic;
				CURRENT_PROJECT_VERSION = 1;
				DEVELOPMENT_TEAM = AZPJSKX9C9;
				GENERATE_INFOPLIST_FILE = YES;
				MARKETING_VERSION = 1.0;
				PRODUCT_BUNDLE_IDENTIFIER = com.bcakyz.AlertProjectUITests;
				PRODUCT_NAME = "$(TARGET_NAME)";
				SWIFT_EMIT_LOC_STRINGS = NO;
				SWIFT_VERSION = 5.0;
				TARGETED_DEVICE_FAMILY = "1,2";
				TEST_TARGET_NAME = AlertProject;
			};
			name = Debug;
		};
		F7E51312290FF2B700C086EF /* Release */ = {
			isa = XCBuildConfiguration;
			buildSettings = {
				ALWAYS_EMBED_SWIFT_STANDARD_LIBRARIES = YES;
				CODE_SIGN_STYLE = Automatic;
				CURRENT_PROJECT_VERSION = 1;
				DEVELOPMENT_TEAM = AZPJSKX9C9;
				GENERATE_INFOPLIST_FILE = YES;
				MARKETING_VERSION = 1.0;
				PRODUCT_BUNDLE_IDENTIFIER = com.bcakyz.AlertProjectUITests;
				PRODUCT_NAME = "$(TARGET_NAME)";
				SWIFT_EMIT_LOC_STRINGS = NO;
				SWIFT_VERSION = 5.0;
				TARGETED_DEVICE_FAMILY = "1,2";
				TEST_TARGET_NAME = AlertProject;
			};
			name = Release;
		};
/* End XCBuildConfiguration section */

/* Begin XCConfigurationList section */
		F7E512D8290FF2B100C086EF /* Build configuration list for PBXProject "AlertProject" */ = {
			isa = XCConfigurationList;
			buildConfigurations = (
				F7E51308290FF2B700C086EF /* Debug */,
				F7E51309290FF2B700C086EF /* Release */,
			);
			defaultConfigurationIsVisible = 0;
			defaultConfigurationName = Release;
		};
		F7E5130A290FF2B700C086EF /* Build configuration list for PBXNativeTarget "AlertProject" */ = {
			isa = XCConfigurationList;
			buildConfigurations = (
				F7E5130B290FF2B700C086EF /* Debug */,
				F7E5130C290FF2B700C086EF /* Release */,
			);
			defaultConfigurationIsVisible = 0;
			defaultConfigurationName = Release;
		};
		F7E5130D290FF2B700C086EF /* Build configuration list for PBXNativeTarget "AlertProjectTests" */ = {
			isa = XCConfigurationList;
			buildConfigurations = (
				F7E5130E290FF2B700C086EF /* Debug */,
				F7E5130F290FF2B700C086EF /* Release */,
			);
			defaultConfigurationIsVisible = 0;
			defaultConfigurationName = Release;
		};
		F7E51310290FF2B700C086EF /* Build configuration list for PBXNativeTarget "AlertProjectUITests" */ = {
			isa = XCConfigurationList;
			buildConfigurations = (
				F7E51311290FF2B700C086EF /* Debug */,
				F7E51312290FF2B700C086EF /* Release */,
			);
			defaultConfigurationIsVisible = 0;
			defaultConfigurationName = Release;
		};
/* End XCConfigurationList section */

/* Begin XCVersionGroup section */
		F7E512E9290FF2B100C086EF /* AlertProject.xcdatamodeld */ = {
			isa = XCVersionGroup;
			children = (
				F7E512EA290FF2B100C086EF /* AlertProject.xcdatamodel */,
			);
			currentVersion = F7E512EA290FF2B100C086EF /* AlertProject.xcdatamodel */;
			path = AlertProject.xcdatamodeld;
			sourceTree = "<group>";
			versionGroupType = wrapper.xcdatamodel;
		};
/* End XCVersionGroup section */
	};
	rootObject = F7E512D5290FF2B100C086EF /* Project object */;
}
